<?xml version="1.0" encoding="utf-8"?>
<Project ToolsVersion="4.0" xmlns="http://schemas.microsoft.com/developer/msbuild/2003">
  <ItemGroup>
    <Filter Include="Raster">
      <UniqueIdentifier>{4a986836-7bf2-46da-afed-a2bc5d782545}</UniqueIdentifier>
    </Filter>
    <Filter Include="Raster\inc">
      <UniqueIdentifier>{e27370a8-84bf-448c-99ec-123eef7d3340}</UniqueIdentifier>
    </Filter>
    <Filter Include="Raster\src">
      <UniqueIdentifier>{609947fe-439a-4080-9f3c-d5d79accbb7c}</UniqueIdentifier>
    </Filter>
    <Filter Include="Utils">
      <UniqueIdentifier>{4bb8a357-d3bd-4e87-ba71-9ac0cf68b76e}</UniqueIdentifier>
    </Filter>
    <Filter Include="Utils\inc">
      <UniqueIdentifier>{9fd0c7f9-fd3d-44d6-8d07-5901bc8f7c27}</UniqueIdentifier>
    </Filter>
    <Filter Include="Utils\src">
      <UniqueIdentifier>{4392f93e-2366-4e60-b1cd-90d3894f8a7d}</UniqueIdentifier>
    </Filter>
    <Filter Include="Engine">
      <UniqueIdentifier>{0922aeb6-12ae-4b37-b7d5-5b22ed2f530a}</UniqueIdentifier>
    </Filter>
    <Filter Include="Engine\App">
      <UniqueIdentifier>{23b97a36-8f1b-4c0b-8096-a34bd197a9d3}</UniqueIdentifier>
    </Filter>
    <Filter Include="Engine\Scene">
      <UniqueIdentifier>{c113043f-b8b8-4744-afdd-e86a147b3eea}</UniqueIdentifier>
    </Filter>
    <Filter Include="Engine\Base">
      <UniqueIdentifier>{c7bb815f-5747-4b6c-b02f-1a5717a927e9}</UniqueIdentifier>
    </Filter>
    <Filter Include="Engine\Render">
      <UniqueIdentifier>{78485649-b79b-4567-94b7-4db704e6a01a}</UniqueIdentifier>
    </Filter>
    <Filter Include="SharedData">
      <UniqueIdentifier>{af48c2c2-c976-46e1-845e-892992617df8}</UniqueIdentifier>
    </Filter>
  </ItemGroup>
  <ItemGroup>
    <ClInclude Include="Raster\Raster.hpp">
      <Filter>Raster\inc</Filter>
    </ClInclude>
    <ClInclude Include="Utils\Matrix.hpp">
      <Filter>Utils\inc</Filter>
    </ClInclude>
    <ClInclude Include="Utils\Vector.hpp">
      <Filter>Utils\inc</Filter>
    </ClInclude>
    <ClInclude Include="Utils\ObjLoader.hpp">
      <Filter>Utils\inc</Filter>
    </ClInclude>
    <ClInclude Include="Utils\Math.hpp">
      <Filter>Utils\inc</Filter>
    </ClInclude>
    <ClInclude Include="Utils\BMPLoader.hpp">
      <Filter>Utils\inc</Filter>
    </ClInclude>
    <ClInclude Include="Noncopyable.hpp">
      <Filter>Utils\inc</Filter>
    </ClInclude>
    <ClInclude Include="Singleton.hpp">
      <Filter>Utils\inc</Filter>
    </ClInclude>
    <ClInclude Include="AppFramework.hpp">
      <Filter>Engine\App</Filter>
    </ClInclude>
    <ClInclude Include="SceneManager.hpp">
      <Filter>Engine\Scene</Filter>
    </ClInclude>
    <ClInclude Include="Material.hpp">
      <Filter>Engine\Render</Filter>
    </ClInclude>
    <ClInclude Include="Entity.hpp">
      <Filter>Engine\Render</Filter>
    </ClInclude>
    <ClInclude Include="Camera.hpp">
      <Filter>Engine\Render</Filter>
    </ClInclude>
    <ClInclude Include="OrthogonalCamera.hpp">
      <Filter>Engine\Render</Filter>
    </ClInclude>
    <ClInclude Include="PerspectiveCamera.hpp">
      <Filter>Engine\Render</Filter>
    </ClInclude>
    <ClInclude Include="Mesh.hpp">
      <Filter>Engine\Render</Filter>
    </ClInclude>
    <ClInclude Include="Light.hpp">
      <Filter>Engine\Render</Filter>
    </ClInclude>
    <ClInclude Include="GlobalContext.hpp">
      <Filter>Engine\Base</Filter>
    </ClInclude>
    <ClInclude Include="MeshData.hpp">
      <Filter>Engine\Render</Filter>
    </ClInclude>
    <ClInclude Include="RenderEngine.hpp">
      <Filter>Engine\Render</Filter>
    </ClInclude>
    <ClInclude Include="Prerequesite.hpp">
      <Filter>Engine</Filter>
    </ClInclude>
    <ClInclude Include="Timer.hpp">
      <Filter>Utils\inc</Filter>
    </ClInclude>
    <ClInclude Include="Shader.hpp">
      <Filter>SharedData</Filter>
    </ClInclude>
    <ClInclude Include="Raster\Texture.hpp">
      <Filter>SharedData</Filter>
    </ClInclude>
  </ItemGroup>
  <ItemGroup>
    <ClCompile Include="Raster\Raster.cpp">
      <Filter>Raster\src</Filter>
    </ClCompile>
    <ClCompile Include="Utils\Matrix.cpp">
      <Filter>Utils\src</Filter>
    </ClCompile>
    <ClCompile Include="Utils\Vector.cpp">
      <Filter>Utils\src</Filter>
    </ClCompile>
    <ClCompile Include="main.cpp" />
    <ClCompile Include="Utils\ObjLoader.cpp">
      <Filter>Utils\src</Filter>
    </ClCompile>
    <ClCompile Include="Utils\Math.cpp">
      <Filter>Utils\src</Filter>
    </ClCompile>
    <ClCompile Include="Utils\BMPLoader.cpp">
      <Filter>Utils\src</Filter>
    </ClCompile>
    <ClCompile Include="SceneManager.cpp">
      <Filter>Engine\Scene</Filter>
    </ClCompile>
    <ClCompile Include="GlobalContext.cpp">
      <Filter>Engine\Base</Filter>
    </ClCompile>
    <ClCompile Include="Material.cpp">
      <Filter>Engine\Render</Filter>
    </ClCompile>
    <ClCompile Include="Entity.cpp">
      <Filter>Engine\Render</Filter>
    </ClCompile>
    <ClCompile Include="OrthogonalCamera.cpp">
      <Filter>Engine\Render</Filter>
    </ClCompile>
    <ClCompile Include="PerspectiveCamera.cpp">
      <Filter>Engine\Render</Filter>
    </ClCompile>
    <ClCompile Include="Light.cpp">
      <Filter>Engine\Render</Filter>
    </ClCompile>
    <ClCompile Include="Mesh.cpp">
      <Filter>Engine\Render</Filter>
    </ClCompile>
    <ClCompile Include="RenderEngine.cpp">
      <Filter>Engine\Render</Filter>
    </ClCompile>
    <ClCompile Include="Shader.cpp">
      <Filter>SharedData</Filter>
    </ClCompile>
    <ClCompile Include="Raster\Texture.cpp">
      <Filter>SharedData</Filter>
    </ClCompile>
  </ItemGroup>
</Project>