<?xml version="1.0" encoding="utf-8"?>
<Project ToolsVersion="4.0" xmlns="http://schemas.microsoft.com/developer/msbuild/2003">
  <ItemGroup>
    <Filter Include="Raster">
      <UniqueIdentifier>{4a986836-7bf2-46da-afed-a2bc5d782545}</UniqueIdentifier>
    </Filter>
    <Filter Include="Raster\inc">
      <UniqueIdentifier>{e27370a8-84bf-448c-99ec-123eef7d3340}</UniqueIdentifier>
    </Filter>
    <Filter Include="Raster\src">
      <UniqueIdentifier>{609947fe-439a-4080-9f3c-d5d79accbb7c}</UniqueIdentifier>
    </Filter>
    <Filter Include="Utils">
      <UniqueIdentifier>{4bb8a357-d3bd-4e87-ba71-9ac0cf68b76e}</UniqueIdentifier>
    </Filter>
    <Filter Include="Utils\inc">
      <UniqueIdentifier>{9fd0c7f9-fd3d-44d6-8d07-5901bc8f7c27}</UniqueIdentifier>
    </Filter>
    <Filter Include="Utils\src">
      <UniqueIdentifier>{4392f93e-2366-4e60-b1cd-90d3894f8a7d}</UniqueIdentifier>
    </Filter>
    <Filter Include="Client">
      <UniqueIdentifier>{0922aeb6-12ae-4b37-b7d5-5b22ed2f530a}</UniqueIdentifier>
    </Filter>
    <Filter Include="Client\inc">
      <UniqueIdentifier>{40fe088e-dd2e-49a6-a64e-12857797dcc5}</UniqueIdentifier>
    </Filter>
    <Filter Include="Client\src">
      <UniqueIdentifier>{8e8bef76-5706-478a-8aa6-ad64ec833245}</UniqueIdentifier>
    </Filter>
  </ItemGroup>
  <ItemGroup>
    <ClInclude Include="Raster\Raster.hpp">
      <Filter>Raster\inc</Filter>
    </ClInclude>
    <ClInclude Include="Utils\Matrix.hpp">
      <Filter>Utils\inc</Filter>
    </ClInclude>
    <ClInclude Include="Utils\Vector.hpp">
      <Filter>Utils\inc</Filter>
    </ClInclude>
    <ClInclude Include="Utils\ObjLoader.hpp">
      <Filter>Utils\inc</Filter>
    </ClInclude>
    <ClInclude Include="Utils\Math.hpp">
      <Filter>Utils\inc</Filter>
    </ClInclude>
    <ClInclude Include="Raster\Texture.hpp">
      <Filter>Raster\inc</Filter>
    </ClInclude>
    <ClInclude Include="Utils\BMPLoader.hpp">
      <Filter>Utils\inc</Filter>
    </ClInclude>
    <ClInclude Include="AppFramework.hpp">
      <Filter>Client\inc</Filter>
    </ClInclude>
    <ClInclude Include="CookTorranceApp.hpp">
      <Filter>Client\inc</Filter>
    </ClInclude>
    <ClInclude Include="Camera.hpp">
      <Filter>Client\inc</Filter>
    </ClInclude>
    <ClInclude Include="PerspectiveCamera.hpp">
      <Filter>Client\inc</Filter>
    </ClInclude>
    <ClInclude Include="OrthogonalCamera.hpp">
      <Filter>Client\inc</Filter>
    </ClInclude>
    <ClInclude Include="Mesh.hpp">
      <Filter>Client\inc</Filter>
    </ClInclude>
    <ClInclude Include="Entity.hpp">
      <Filter>Client\inc</Filter>
    </ClInclude>
    <ClInclude Include="Material.hpp">
      <Filter>Client\inc</Filter>
    </ClInclude>
    <ClInclude Include="Shader.hpp">
      <Filter>Client\inc</Filter>
    </ClInclude>
    <ClInclude Include="Prerequesite.hpp">
      <Filter>Client\inc</Filter>
    </ClInclude>
    <ClInclude Include="Light.hpp">
      <Filter>Client\inc</Filter>
    </ClInclude>
    <ClInclude Include="MeshData.hpp">
      <Filter>Client\inc</Filter>
    </ClInclude>
    <ClInclude Include="SceneManager.hpp">
      <Filter>Client\inc</Filter>
    </ClInclude>
    <ClInclude Include="GlobalContext.hpp">
      <Filter>Client\inc</Filter>
    </ClInclude>
    <ClInclude Include="Timer.hpp">
      <Filter>Client\inc</Filter>
    </ClInclude>
    <ClInclude Include="Noncopyable.hpp">
      <Filter>Client\inc</Filter>
    </ClInclude>
    <ClInclude Include="Singleton.hpp">
      <Filter>Client\inc</Filter>
    </ClInclude>
    <ClInclude Include="RenderEngine.hpp">
      <Filter>Client\inc</Filter>
    </ClInclude>
  </ItemGroup>
  <ItemGroup>
    <ClCompile Include="Raster\Raster.cpp">
      <Filter>Raster\src</Filter>
    </ClCompile>
    <ClCompile Include="Utils\Matrix.cpp">
      <Filter>Utils\src</Filter>
    </ClCompile>
    <ClCompile Include="Utils\Vector.cpp">
      <Filter>Utils\src</Filter>
    </ClCompile>
    <ClCompile Include="main.cpp" />
    <ClCompile Include="Utils\ObjLoader.cpp">
      <Filter>Utils\src</Filter>
    </ClCompile>
    <ClCompile Include="Utils\Math.cpp">
      <Filter>Utils\src</Filter>
    </ClCompile>
    <ClCompile Include="Raster\Texture.cpp">
      <Filter>Raster\src</Filter>
    </ClCompile>
    <ClCompile Include="Utils\BMPLoader.cpp">
      <Filter>Utils\src</Filter>
    </ClCompile>
    <ClCompile Include="CookTorranceApp.cpp">
      <Filter>Client\src</Filter>
    </ClCompile>
    <ClCompile Include="OrthogonalCamera.cpp">
      <Filter>Client\src</Filter>
    </ClCompile>
    <ClCompile Include="PerspectiveCamera.cpp">
      <Filter>Client\src</Filter>
    </ClCompile>
    <ClCompile Include="GlobalContext.cpp">
      <Filter>Client\src</Filter>
    </ClCompile>
    <ClCompile Include="Shader.cpp">
      <Filter>Client\src</Filter>
    </ClCompile>
    <ClCompile Include="SceneManager.cpp">
      <Filter>Client\src</Filter>
    </ClCompile>
    <ClCompile Include="Entity.cpp">
      <Filter>Client\src</Filter>
    </ClCompile>
    <ClCompile Include="RenderEngine.cpp">
      <Filter>Client\src</Filter>
    </ClCompile>
    <ClCompile Include="Material.cpp">
      <Filter>Client\src</Filter>
    </ClCompile>
    <ClCompile Include="Light.cpp">
      <Filter>Client\src</Filter>
    </ClCompile>
    <ClCompile Include="Mesh.cpp">
      <Filter>Client\src</Filter>
    </ClCompile>
  </ItemGroup>
</Project>